
Microsoft Visual Studio Solution File, Format Version 12.00
# Visual Studio 15
VisualStudioVersion = 15.0.28307.902
MinimumVisualStudioVersion = 10.0.40219.1
Project("{FAE04EC0-301F-11D3-BF4B-00C04F79EFBC}") = "Simrelease.Data", "Simrelease.Data\Simrelease.Data.csproj", "{4FFDC5DF-7941-46E3-BB54-B5E7CFDE869A}"
EndProject
Project("{FAE04EC0-301F-11D3-BF4B-00C04F79EFBC}") = "Simrelease.Models", "Simrelease.Models\Simrelease.Models.csproj", "{591F96FD-7A69-4B6D-B6E3-EE85B777FAFF}"
EndProject
Project("{FAE04EC0-301F-11D3-BF4B-00C04F79EFBC}") = "Simrelease.Common", "Simrelease.Common\Simrelease.Common.csproj", "{D3FAC919-65E1-4BDF-9693-10D239E60101}"
EndProject
Project("{FAE04EC0-301F-11D3-BF4B-00C04F79EFBC}") = "Simrelease.WebClient", "Simrelease.WebClient\Simrelease.WebClient.csproj", "{4C004BD5-0632-464B-9B61-E6DE2C21929F}"
EndProject
Project("{FAE04EC0-301F-11D3-BF4B-00C04F79EFBC}") = "Simrelease.UniTest", "Simrelease.UniTest\Simrelease.UniTest.csproj", "{5653896C-5A7F-4FD7-BDBA-6FEBF70F9873}"
EndProject
Project("{FAE04EC0-301F-11D3-BF4B-00C04F79EFBC}") = "Simrelease.Service", "Simrelease.Service\Simrelease.Service.csproj", "{0CAF969B-4305-46C2-A5B3-DBF0912DFB62}"
EndProject
Global
	GlobalSection(SolutionConfigurationPlatforms) = preSolution
		Debug|Any CPU = Debug|Any CPU
		Release|Any CPU = Release|Any CPU
	EndGlobalSection
	GlobalSection(ProjectConfigurationPlatforms) = postSolution
		{4FFDC5DF-7941-46E3-BB54-B5E7CFDE869A}.Debug|Any CPU.ActiveCfg = Debug|Any CPU
		{4FFDC5DF-7941-46E3-BB54-B5E7CFDE869A}.Debug|Any CPU.Build.0 = Debug|Any CPU
		{4FFDC5DF-7941-46E3-BB54-B5E7CFDE869A}.Release|Any CPU.ActiveCfg = Release|Any CPU
		{4FFDC5DF-7941-46E3-BB54-B5E7CFDE869A}.Release|Any CPU.Build.0 = Release|Any CPU
		{591F96FD-7A69-4B6D-B6E3-EE85B777FAFF}.Debug|Any CPU.ActiveCfg = Debug|Any CPU
		{591F96FD-7A69-4B6D-B6E3-EE85B777FAFF}.Debug|Any CPU.Build.0 = Debug|Any CPU
		{591F96FD-7A69-4B6D-B6E3-EE85B777FAFF}.Release|Any CPU.ActiveCfg = Release|Any CPU
		{591F96FD-7A69-4B6D-B6E3-EE85B777FAFF}.Release|Any CPU.Build.0 = Release|Any CPU
		{D3FAC919-65E1-4BDF-9693-10D239E60101}.Debug|Any CPU.ActiveCfg = Debug|Any CPU
		{D3FAC919-65E1-4BDF-9693-10D239E60101}.Debug|Any CPU.Build.0 = Debug|Any CPU
		{D3FAC919-65E1-4BDF-9693-10D239E60101}.Release|Any CPU.ActiveCfg = Release|Any CPU
		{D3FAC919-65E1-4BDF-9693-10D239E60101}.Release|Any CPU.Build.0 = Release|Any CPU
		{4C004BD5-0632-464B-9B61-E6DE2C21929F}.Debug|Any CPU.ActiveCfg = Debug|Any CPU
		{4C004BD5-0632-464B-9B61-E6DE2C21929F}.Debug|Any CPU.Build.0 = Debug|Any CPU
		{4C004BD5-0632-464B-9B61-E6DE2C21929F}.Release|Any CPU.ActiveCfg = Release|Any CPU
		{4C004BD5-0632-464B-9B61-E6DE2C21929F}.Release|Any CPU.Build.0 = Release|Any CPU
		{5653896C-5A7F-4FD7-BDBA-6FEBF70F9873}.Debug|Any CPU.ActiveCfg = Debug|Any CPU
		{5653896C-5A7F-4FD7-BDBA-6FEBF70F9873}.Debug|Any CPU.Build.0 = Debug|Any CPU
		{5653896C-5A7F-4FD7-BDBA-6FEBF70F9873}.Release|Any CPU.ActiveCfg = Release|Any CPU
		{5653896C-5A7F-4FD7-BDBA-6FEBF70F9873}.Release|Any CPU.Build.0 = Release|Any CPU
		{0CAF969B-4305-46C2-A5B3-DBF0912DFB62}.Debug|Any CPU.ActiveCfg = Debug|Any CPU
		{0CAF969B-4305-46C2-A5B3-DBF0912DFB62}.Debug|Any CPU.Build.0 = Debug|Any CPU
		{0CAF969B-4305-46C2-A5B3-DBF0912DFB62}.Release|Any CPU.ActiveCfg = Release|Any CPU
		{0CAF969B-4305-46C2-A5B3-DBF0912DFB62}.Release|Any CPU.Build.0 = Release|Any CPU
	EndGlobalSection
	GlobalSection(SolutionProperties) = preSolution
		HideSolutionNode = FALSE
	EndGlobalSection
	GlobalSection(ExtensibilityGlobals) = postSolution
		SolutionGuid = {E2E78A06-34D4-4E63-86BE-E7D3FDE85806}
	EndGlobalSection
EndGlobal
